
Microsoft Visual Studio Solution File, Format Version 12.00
# Visual Studio Version 16
VisualStudioVersion = 16.0.28606.126
MinimumVisualStudioVersion = 15.0.26124.0
Project("{9A19103F-16F7-4668-BE54-9A1E7A4F7556}") = "Sunburst.ResourceGeneration", "src\Sunburst.ResourceGeneration\Sunburst.ResourceGeneration.csproj", "{DC56A3F5-5256-42C9-BA61-B44466F9E027}"
EndProject
Project("{2150E333-8FDC-42A3-9474-1A3956D46DE8}") = "Tests", "Tests", "{776C7E21-E347-45C7-8D37-60156BFF7CF4}"
EndProject
Project("{9A19103F-16F7-4668-BE54-9A1E7A4F7556}") = "ResGenTest.NETCore", "test\ResGenTest.NETStandard\ResGenTest.NETCore.csproj", "{43D923FA-1C9C-4470-89F8-B528C3BEFE99}"
EndProject
Project("{9A19103F-16F7-4668-BE54-9A1E7A4F7556}") = "Sunburst.ResourceGeneration.ResxFormat", "src\Sunburst.ResourceGeneration.ResxFormat\Sunburst.ResourceGeneration.ResxFormat.csproj", "{8A957CB7-F81A-49A3-B4AD-12D4CDCEFF74}"
EndProject
Project("{2150E333-8FDC-42A3-9474-1A3956D46DE8}") = "build", "build", "{4053FC6B-2BF4-4243-9C53-FB9291A44A6D}"
	ProjectSection(SolutionItems) = preProject
		src\Directory.Build.props = src\Directory.Build.props
		src\Directory.Build.targets = src\Directory.Build.targets
	EndProjectSection
EndProject
Global
	GlobalSection(SolutionConfigurationPlatforms) = preSolution
		Debug|Any CPU = Debug|Any CPU
		Debug|x64 = Debug|x64
		Debug|x86 = Debug|x86
		Release|Any CPU = Release|Any CPU
		Release|x64 = Release|x64
		Release|x86 = Release|x86
	EndGlobalSection
	GlobalSection(ProjectConfigurationPlatforms) = postSolution
		{DC56A3F5-5256-42C9-BA61-B44466F9E027}.Debug|Any CPU.ActiveCfg = Debug|Any CPU
		{DC56A3F5-5256-42C9-BA61-B44466F9E027}.Debug|Any CPU.Build.0 = Debug|Any CPU
		{DC56A3F5-5256-42C9-BA61-B44466F9E027}.Debug|x64.ActiveCfg = Debug|Any CPU
		{DC56A3F5-5256-42C9-BA61-B44466F9E027}.Debug|x64.Build.0 = Debug|Any CPU
		{DC56A3F5-5256-42C9-BA61-B44466F9E027}.Debug|x86.ActiveCfg = Debug|Any CPU
		{DC56A3F5-5256-42C9-BA61-B44466F9E027}.Debug|x86.Build.0 = Debug|Any CPU
		{DC56A3F5-5256-42C9-BA61-B44466F9E027}.Release|Any CPU.ActiveCfg = Release|Any CPU
		{DC56A3F5-5256-42C9-BA61-B44466F9E027}.Release|Any CPU.Build.0 = Release|Any CPU
		{DC56A3F5-5256-42C9-BA61-B44466F9E027}.Release|x64.ActiveCfg = Release|Any CPU
		{DC56A3F5-5256-42C9-BA61-B44466F9E027}.Release|x64.Build.0 = Release|Any CPU
		{DC56A3F5-5256-42C9-BA61-B44466F9E027}.Release|x86.ActiveCfg = Release|Any CPU
		{DC56A3F5-5256-42C9-BA61-B44466F9E027}.Release|x86.Build.0 = Release|Any CPU
		{43D923FA-1C9C-4470-89F8-B528C3BEFE99}.Debug|Any CPU.ActiveCfg = Debug|Any CPU
		{43D923FA-1C9C-4470-89F8-B528C3BEFE99}.Debug|Any CPU.Build.0 = Debug|Any CPU
		{43D923FA-1C9C-4470-89F8-B528C3BEFE99}.Debug|x64.ActiveCfg = Debug|Any CPU
		{43D923FA-1C9C-4470-89F8-B528C3BEFE99}.Debug|x64.Build.0 = Debug|Any CPU
		{43D923FA-1C9C-4470-89F8-B528C3BEFE99}.Debug|x86.ActiveCfg = Debug|Any CPU
		{43D923FA-1C9C-4470-89F8-B528C3BEFE99}.Debug|x86.Build.0 = Debug|Any CPU
		{43D923FA-1C9C-4470-89F8-B528C3BEFE99}.Release|Any CPU.ActiveCfg = Release|Any CPU
		{43D923FA-1C9C-4470-89F8-B528C3BEFE99}.Release|Any CPU.Build.0 = Release|Any CPU
		{43D923FA-1C9C-4470-89F8-B528C3BEFE99}.Release|x64.ActiveCfg = Release|Any CPU
		{43D923FA-1C9C-4470-89F8-B528C3BEFE99}.Release|x64.Build.0 = Release|Any CPU
		{43D923FA-1C9C-4470-89F8-B528C3BEFE99}.Release|x86.ActiveCfg = Release|Any CPU
		{43D923FA-1C9C-4470-89F8-B528C3BEFE99}.Release|x86.Build.0 = Release|Any CPU
		{8A957CB7-F81A-49A3-B4AD-12D4CDCEFF74}.Debug|Any CPU.ActiveCfg = Debug|Any CPU
		{8A957CB7-F81A-49A3-B4AD-12D4CDCEFF74}.Debug|Any CPU.Build.0 = Debug|Any CPU
		{8A957CB7-F81A-49A3-B4AD-12D4CDCEFF74}.Debug|x64.ActiveCfg = Debug|Any CPU
		{8A957CB7-F81A-49A3-B4AD-12D4CDCEFF74}.Debug|x64.Build.0 = Debug|Any CPU
		{8A957CB7-F81A-49A3-B4AD-12D4CDCEFF74}.Debug|x86.ActiveCfg = Debug|Any CPU
		{8A957CB7-F81A-49A3-B4AD-12D4CDCEFF74}.Debug|x86.Build.0 = Debug|Any CPU
		{8A957CB7-F81A-49A3-B4AD-12D4CDCEFF74}.Release|Any CPU.ActiveCfg = Release|Any CPU
		{8A957CB7-F81A-49A3-B4AD-12D4CDCEFF74}.Release|Any CPU.Build.0 = Release|Any CPU
		{8A957CB7-F81A-49A3-B4AD-12D4CDCEFF74}.Release|x64.ActiveCfg = Release|Any CPU
		{8A957CB7-F81A-49A3-B4AD-12D4CDCEFF74}.Release|x64.Build.0 = Release|Any CPU
		{8A957CB7-F81A-49A3-B4AD-12D4CDCEFF74}.Release|x86.ActiveCfg = Release|Any CPU
		{8A957CB7-F81A-49A3-B4AD-12D4CDCEFF74}.Release|x86.Build.0 = Release|Any CPU
	EndGlobalSection
	GlobalSection(SolutionProperties) = preSolution
		HideSolutionNode = FALSE
	EndGlobalSection
	GlobalSection(NestedProjects) = preSolution
		{43D923FA-1C9C-4470-89F8-B528C3BEFE99} = {776C7E21-E347-45C7-8D37-60156BFF7CF4}
	EndGlobalSection
	GlobalSection(ExtensibilityGlobals) = postSolution
		SolutionGuid = {06C3E4E0-DDAB-481F-8249-B68690C35073}
	EndGlobalSection
	GlobalSection(MonoDevelopProperties) = preSolution
		Policies = $0
		$0.TextStylePolicy = $1
		$1.TabWidth = 2
		$1.TabsToSpaces = True
		$1.IndentWidth = 2
		$1.scope = application/x-csproject
	EndGlobalSection
EndGlobal
